
Microsoft Visual Studio Solution File, Format Version 12.00
# Visual Studio Version 16
VisualStudioVersion = 16.0.29521.150
MinimumVisualStudioVersion = 10.0.40219.1
Project("{FAE04EC0-301F-11D3-BF4B-00C04F79EFBC}") = "TimeCoreClient", "TimeCoreClient\TimeCoreClient.csproj", "{D25F5962-869A-4CFD-BA31-BB9D5458756D}"
EndProject
Global
	GlobalSection(SolutionConfigurationPlatforms) = preSolution
		Debug|Any CPU = Debug|Any CPU
		Release|Any CPU = Release|Any CPU
	EndGlobalSection
	GlobalSection(ProjectConfigurationPlatforms) = postSolution
		{D25F5962-869A-4CFD-BA31-BB9D5458756D}.Debug|Any CPU.ActiveCfg = Debug|Any CPU
		{D25F5962-869A-4CFD-BA31-BB9D5458756D}.Debug|Any CPU.Build.0 = Debug|Any CPU
		{D25F5962-869A-4CFD-BA31-BB9D5458756D}.Release|Any CPU.ActiveCfg = Release|Any CPU
		{D25F5962-869A-4CFD-BA31-BB9D5458756D}.Release|Any CPU.Build.0 = Release|Any CPU
	EndGlobalSection
	GlobalSection(SolutionProperties) = preSolution
		HideSolutionNode = FALSE
	EndGlobalSection
	GlobalSection(ExtensibilityGlobals) = postSolution
		SolutionGuid = {90DF4FEF-CA32-460B-9256-C35ED3DB011A}
	EndGlobalSection
EndGlobal
